// !$*UTF8*$!
{
	archiveVersion = 1;
	classes = {
	};
	objectVersion = 50;
	objects = {

/* Begin PBXBuildFile section */
		791C1F432AFA5F0700D8ACFA /* PuntuViewController.swift in Sources */ = {isa = PBXBuildFile; fileRef = 791C1F422AFA5F0700D8ACFA /* PuntuViewController.swift */; };
		791C1F472AFA647E00D8ACFA /* puntuTableViewCell.swift in Sources */ = {isa = PBXBuildFile; fileRef = 791C1F462AFA647E00D8ACFA /* puntuTableViewCell.swift */; };
		7942C9242AEA559C00928603 /* ResolverJuegoViewController.swift in Sources */ = {isa = PBXBuildFile; fileRef = 7942C9232AEA559C00928603 /* ResolverJuegoViewController.swift */; };
		794B66D82AFA3E93002037A6 /* error.png in Resources */ = {isa = PBXBuildFile; fileRef = 794B66D72AFA3E93002037A6 /* error.png */; };
		797525E32ADFD63300234319 /* JuegoViewController.swift in Sources */ = {isa = PBXBuildFile; fileRef = 797525E22ADFD63300234319 /* JuegoViewController.swift */; };
		797525E92ADFDCD500234319 /* bBaiknya.ttf in Resources */ = {isa = PBXBuildFile; fileRef = 797525E82ADFDCD500234319 /* bBaiknya.ttf */; };
		79EA550A2AF3A28A00A4B258 /* imageCollectionViewCell.swift in Sources */ = {isa = PBXBuildFile; fileRef = 79EA55092AF3A28A00A4B258 /* imageCollectionViewCell.swift */; };
		79EFCD0C2AE917E8004C470D /* Utils.swift in Sources */ = {isa = PBXBuildFile; fileRef = 79EFCD0B2AE917E8004C470D /* Utils.swift */; };
		79F461702AD681820092923B /* AppDelegate.swift in Sources */ = {isa = PBXBuildFile; fileRef = 79F4616F2AD681820092923B /* AppDelegate.swift */; };
		79F461722AD681820092923B /* SceneDelegate.swift in Sources */ = {isa = PBXBuildFile; fileRef = 79F461712AD681820092923B /* SceneDelegate.swift */; };
		79F461742AD681820092923B /* ViewController.swift in Sources */ = {isa = PBXBuildFile; fileRef = 79F461732AD681820092923B /* ViewController.swift */; };
		79F461772AD681820092923B /* Main.storyboard in Resources */ = {isa = PBXBuildFile; fileRef = 79F461752AD681820092923B /* Main.storyboard */; };
		79F461792AD681830092923B /* Assets.xcassets in Resources */ = {isa = PBXBuildFile; fileRef = 79F461782AD681830092923B /* Assets.xcassets */; };
		79F4617C2AD681830092923B /* LaunchScreen.storyboard in Resources */ = {isa = PBXBuildFile; fileRef = 79F4617A2AD681830092923B /* LaunchScreen.storyboard */; };
/* End PBXBuildFile section */

/* Begin PBXFileReference section */
		791C1F422AFA5F0700D8ACFA /* PuntuViewController.swift */ = {isa = PBXFileReference; lastKnownFileType = sourcecode.swift; path = PuntuViewController.swift; sourceTree = "<group>"; };
		791C1F462AFA647E00D8ACFA /* puntuTableViewCell.swift */ = {isa = PBXFileReference; lastKnownFileType = sourcecode.swift; path = puntuTableViewCell.swift; sourceTree = "<group>"; };
		7942C9232AEA559C00928603 /* ResolverJuegoViewController.swift */ = {isa = PBXFileReference; lastKnownFileType = sourcecode.swift; path = ResolverJuegoViewController.swift; sourceTree = "<group>"; };
		794B66D72AFA3E93002037A6 /* error.png */ = {isa = PBXFileReference; lastKnownFileType = image.png; path = error.png; sourceTree = "<group>"; };
		797525E22ADFD63300234319 /* JuegoViewController.swift */ = {isa = PBXFileReference; lastKnownFileType = sourcecode.swift; path = JuegoViewController.swift; sourceTree = "<group>"; };
		797525E82ADFDCD500234319 /* bBaiknya.ttf */ = {isa = PBXFileReference; lastKnownFileType = file; name = bBaiknya.ttf; path = ../../../../../../Downloads/bBaiknya.ttf; sourceTree = "<group>"; };
		79EA55092AF3A28A00A4B258 /* imageCollectionViewCell.swift */ = {isa = PBXFileReference; lastKnownFileType = sourcecode.swift; path = imageCollectionViewCell.swift; sourceTree = "<group>"; };
		79EFCD0B2AE917E8004C470D /* Utils.swift */ = {isa = PBXFileReference; lastKnownFileType = sourcecode.swift; path = Utils.swift; sourceTree = "<group>"; };
		79F4616C2AD681820092923B /* Juego de memoria.app */ = {isa = PBXFileReference; explicitFileType = wrapper.application; includeInIndex = 0; path = "Juego de memoria.app"; sourceTree = BUILT_PRODUCTS_DIR; };
		79F4616F2AD681820092923B /* AppDelegate.swift */ = {isa = PBXFileReference; lastKnownFileType = sourcecode.swift; path = AppDelegate.swift; sourceTree = "<group>"; };
		79F461712AD681820092923B /* SceneDelegate.swift */ = {isa = PBXFileReference; lastKnownFileType = sourcecode.swift; path = SceneDelegate.swift; sourceTree = "<group>"; };
		79F461732AD681820092923B /* ViewController.swift */ = {isa = PBXFileReference; lastKnownFileType = sourcecode.swift; path = ViewController.swift; sourceTree = "<group>"; };
		79F461762AD681820092923B /* Base */ = {isa = PBXFileReference; lastKnownFileType = file.storyboard; name = Base; path = Base.lproj/Main.storyboard; sourceTree = "<group>"; };
		79F461782AD681830092923B /* Assets.xcassets */ = {isa = PBXFileReference; lastKnownFileType = folder.assetcatalog; path = Assets.xcassets; sourceTree = "<group>"; };
		79F4617B2AD681830092923B /* Base */ = {isa = PBXFileReference; lastKnownFileType = file.storyboard; name = Base; path = Base.lproj/LaunchScreen.storyboard; sourceTree = "<group>"; };
		79F4617D2AD681830092923B /* Info.plist */ = {isa = PBXFileReference; lastKnownFileType = text.plist.xml; path = Info.plist; sourceTree = "<group>"; };
/* End PBXFileReference section */

/* Begin PBXFrameworksBuildPhase section */
		79F461692AD681820092923B /* Frameworks */ = {
			isa = PBXFrameworksBuildPhase;
			buildActionMask = 2147483647;
			files = (
			);
			runOnlyForDeploymentPostprocessing = 0;
		};
/* End PBXFrameworksBuildPhase section */

/* Begin PBXGroup section */
		797525E52ADFDB2500234319 /* Resources */ = {
			isa = PBXGroup;
			children = (
				797525E62ADFDB3200234319 /* Fonts */,
			);
			path = Resources;
			sourceTree = "<group>";
		};
		797525E62ADFDB3200234319 /* Fonts */ = {
			isa = PBXGroup;
			children = (
				797525E82ADFDCD500234319 /* bBaiknya.ttf */,
			);
			path = Fonts;
			sourceTree = "<group>";
		};
		797525EB2ADFE2FD00234319 /* Assets */ = {
			isa = PBXGroup;
			children = (
				797525EC2ADFE30700234319 /* Images */,
			);
			path = Assets;
			sourceTree = "<group>";
		};
		797525EC2ADFE30700234319 /* Images */ = {
			isa = PBXGroup;
			children = (
				794B66D72AFA3E93002037A6 /* error.png */,
			);
			path = Images;
			sourceTree = "<group>";
		};
		79F461632AD681820092923B = {
			isa = PBXGroup;
			children = (
				79F4616E2AD681820092923B /* Juego de memoria */,
				79F4616D2AD681820092923B /* Products */,
			);
			sourceTree = "<group>";
		};
		79F4616D2AD681820092923B /* Products */ = {
			isa = PBXGroup;
			children = (
				79F4616C2AD681820092923B /* Juego de memoria.app */,
			);
			name = Products;
			sourceTree = "<group>";
		};
		79F4616E2AD681820092923B /* Juego de memoria */ = {
			isa = PBXGroup;
			children = (
				797525EB2ADFE2FD00234319 /* Assets */,
				797525E52ADFDB2500234319 /* Resources */,
				79F4616F2AD681820092923B /* AppDelegate.swift */,
				79F461712AD681820092923B /* SceneDelegate.swift */,
				79F461752AD681820092923B /* Main.storyboard */,
				79F461732AD681820092923B /* ViewController.swift */,
				79F461782AD681830092923B /* Assets.xcassets */,
				79F4617A2AD681830092923B /* LaunchScreen.storyboard */,
				79F4617D2AD681830092923B /* Info.plist */,
				797525E22ADFD63300234319 /* JuegoViewController.swift */,
				79EFCD0B2AE917E8004C470D /* Utils.swift */,
				7942C9232AEA559C00928603 /* ResolverJuegoViewController.swift */,
				791C1F422AFA5F0700D8ACFA /* PuntuViewController.swift */,
				79EA55092AF3A28A00A4B258 /* imageCollectionViewCell.swift */,
				791C1F462AFA647E00D8ACFA /* puntuTableViewCell.swift */,
			);
			path = "Juego de memoria";
			sourceTree = "<group>";
		};
/* End PBXGroup section */

/* Begin PBXNativeTarget section */
		79F4616B2AD681820092923B /* Juego de memoria */ = {
			isa = PBXNativeTarget;
			buildConfigurationList = 79F461802AD681830092923B /* Build configuration list for PBXNativeTarget "Juego de memoria" */;
			buildPhases = (
				79F461682AD681820092923B /* Sources */,
				79F461692AD681820092923B /* Frameworks */,
				79F4616A2AD681820092923B /* Resources */,
			);
			buildRules = (
			);
			dependencies = (
			);
			name = "Juego de memoria";
			productName = "Juego de memoria";
			productReference = 79F4616C2AD681820092923B /* Juego de memoria.app */;
			productType = "com.apple.product-type.application";
		};
/* End PBXNativeTarget section */

/* Begin PBXProject section */
		79F461642AD681820092923B /* Project object */ = {
			isa = PBXProject;
			attributes = {
				LastSwiftUpdateCheck = 1210;
				LastUpgradeCheck = 1210;
				TargetAttributes = {
					79F4616B2AD681820092923B = {
						CreatedOnToolsVersion = 12.1;
					};
				};
			};
			buildConfigurationList = 79F461672AD681820092923B /* Build configuration list for PBXProject "Juego de memoria" */;
			compatibilityVersion = "Xcode 9.3";
			developmentRegion = en;
			hasScannedForEncodings = 0;
			knownRegions = (
				en,
				Base,
			);
			mainGroup = 79F461632AD681820092923B;
			productRefGroup = 79F4616D2AD681820092923B /* Products */;
			projectDirPath = "";
			projectRoot = "";
			targets = (
				79F4616B2AD681820092923B /* Juego de memoria */,
			);
		};
/* End PBXProject section */

/* Begin PBXResourcesBuildPhase section */
		79F4616A2AD681820092923B /* Resources */ = {
			isa = PBXResourcesBuildPhase;
			buildActionMask = 2147483647;
			files = (
				79F4617C2AD681830092923B /* LaunchScreen.storyboard in Resources */,
				797525E92ADFDCD500234319 /* bBaiknya.ttf in Resources */,
				79F461792AD681830092923B /* Assets.xcassets in Resources */,
				79F461772AD681820092923B /* Main.storyboard in Resources */,
				794B66D82AFA3E93002037A6 /* error.png in Resources */,
			);
			runOnlyForDeploymentPostprocessing = 0;
		};
/* End PBXResourcesBuildPhase section */

/* Begin PBXSourcesBuildPhase section */
		79F461682AD681820092923B /* Sources */ = {
			isa = PBXSourcesBuildPhase;
			buildActionMask = 2147483647;
			files = (
				79EFCD0C2AE917E8004C470D /* Utils.swift in Sources */,
				7942C9242AEA559C00928603 /* ResolverJuegoViewController.swift in Sources */,
				79EA550A2AF3A28A00A4B258 /* imageCollectionViewCell.swift in Sources */,
				791C1F472AFA647E00D8ACFA /* puntuTableViewCell.swift in Sources */,
				79F461742AD681820092923B /* ViewController.swift in Sources */,
				797525E32ADFD63300234319 /* JuegoViewController.swift in Sources */,
				79F461702AD681820092923B /* AppDelegate.swift in Sources */,
				79F461722AD681820092923B /* SceneDelegate.swift in Sources */,
				791C1F432AFA5F0700D8ACFA /* PuntuViewController.swift in Sources */,
			);
			runOnlyForDeploymentPostprocessing = 0;
		};
/* End PBXSourcesBuildPhase section */

/* Begin PBXVariantGroup section */
		79F461752AD681820092923B /* Main.storyboard */ = {
			isa = PBXVariantGroup;
			children = (
				79F461762AD681820092923B /* Base */,
			);
			name = Main.storyboard;
			sourceTree = "<group>";
		};
		79F4617A2AD681830092923B /* LaunchScreen.storyboard */ = {
			isa = PBXVariantGroup;
			children = (
				79F4617B2AD681830092923B /* Base */,
			);
			name = LaunchScreen.storyboard;
			sourceTree = "<group>";
		};
/* End PBXVariantGroup section */

/* Begin XCBuildConfiguration section */
		79F4617E2AD681830092923B /* Debug */ = {
			isa = XCBuildConfiguration;
			buildSettings = {
				ALWAYS_SEARCH_USER_PATHS = NO;
				CLANG_ANALYZER_NONNULL = YES;
				CLANG_ANALYZER_NUMBER_OBJECT_CONVERSION = YES_AGGRESSIVE;
				CLANG_CXX_LANGUAGE_STANDARD = "gnu++14";
				CLANG_CXX_LIBRARY = "libc++";
				CLANG_ENABLE_MODULES = YES;
				CLANG_ENABLE_OBJC_ARC = YES;
				CLANG_ENABLE_OBJC_WEAK = YES;
				CLANG_WARN_BLOCK_CAPTURE_AUTORELEASING = YES;
				CLANG_WARN_BOOL_CONVERSION = YES;
				CLANG_WARN_COMMA = YES;
				CLANG_WARN_CONSTANT_CONVERSION = YES;
				CLANG_WARN_DEPRECATED_OBJC_IMPLEMENTATIONS = YES;
				CLANG_WARN_DIRECT_OBJC_ISA_USAGE = YES_ERROR;
				CLANG_WARN_DOCUMENTATION_COMMENTS = YES;
				CLANG_WARN_EMPTY_BODY = YES;
				CLANG_WARN_ENUM_CONVERSION = YES;
				CLANG_WARN_INFINITE_RECURSION = YES;
				CLANG_WARN_INT_CONVERSION = YES;
				CLANG_WARN_NON_LITERAL_NULL_CONVERSION = YES;
				CLANG_WARN_OBJC_IMPLICIT_RETAIN_SELF = YES;
				CLANG_WARN_OBJC_LITERAL_CONVERSION = YES;
				CLANG_WARN_OBJC_ROOT_CLASS = YES_ERROR;
				CLANG_WARN_QUOTED_INCLUDE_IN_FRAMEWORK_HEADER = YES;
				CLANG_WARN_RANGE_LOOP_ANALYSIS = YES;
				CLANG_WARN_STRICT_PROTOTYPES = YES;
				CLANG_WARN_SUSPICIOUS_MOVE = YES;
				CLANG_WARN_UNGUARDED_AVAILABILITY = YES_AGGRESSIVE;
				CLANG_WARN_UNREACHABLE_CODE = YES;
				CLANG_WARN__DUPLICATE_METHOD_MATCH = YES;
				COPY_PHASE_STRIP = NO;
				DEBUG_INFORMATION_FORMAT = dwarf;
				ENABLE_STRICT_OBJC_MSGSEND = YES;
				ENABLE_TESTABILITY = YES;
				GCC_C_LANGUAGE_STANDARD = gnu11;
				GCC_DYNAMIC_NO_PIC = NO;
				GCC_NO_COMMON_BLOCKS = YES;
				GCC_OPTIMIZATION_LEVEL = 0;
				GCC_PREPROCESSOR_DEFINITIONS = (
					"DEBUG=1",
					"$(inherited)",
				);
				GCC_WARN_64_TO_32_BIT_CONVERSION = YES;
				GCC_WARN_ABOUT_RETURN_TYPE = YES_ERROR;
				GCC_WARN_UNDECLARED_SELECTOR = YES;
				GCC_WARN_UNINITIALIZED_AUTOS = YES_AGGRESSIVE;
				GCC_WARN_UNUSED_FUNCTION = YES;
				GCC_WARN_UNUSED_VARIABLE = YES;
				IPHONEOS_DEPLOYMENT_TARGET = 14.1;
				MTL_ENABLE_DEBUG_INFO = INCLUDE_SOURCE;
				MTL_FAST_MATH = YES;
				ONLY_ACTIVE_ARCH = YES;
				SDKROOT = iphoneos;
				SWIFT_ACTIVE_COMPILATION_CONDITIONS = DEBUG;
				SWIFT_OPTIMIZATION_LEVEL = "-Onone";
			};
			name = Debug;
		};
		79F4617F2AD681830092923B /* Release */ = {
			isa = XCBuildConfiguration;
			buildSettings = {
				ALWAYS_SEARCH_USER_PATHS = NO;
				CLANG_ANALYZER_NONNULL = YES;
				CLANG_ANALYZER_NUMBER_OBJECT_CONVERSION = YES_AGGRESSIVE;
				CLANG_CXX_LANGUAGE_STANDARD = "gnu++14";
				CLANG_CXX_LIBRARY = "libc++";
				CLANG_ENABLE_MODULES = YES;
				CLANG_ENABLE_OBJC_ARC = YES;
				CLANG_ENABLE_OBJC_WEAK = YES;
				CLANG_WARN_BLOCK_CAPTURE_AUTORELEASING = YES;
				CLANG_WARN_BOOL_CONVERSION = YES;
				CLANG_WARN_COMMA = YES;
				CLANG_WARN_CONSTANT_CONVERSION = YES;
				CLANG_WARN_DEPRECATED_OBJC_IMPLEMENTATIONS = YES;
				CLANG_WARN_DIRECT_OBJC_ISA_USAGE = YES_ERROR;
				CLANG_WARN_DOCUMENTATION_COMMENTS = YES;
				CLANG_WARN_EMPTY_BODY = YES;
				CLANG_WARN_ENUM_CONVERSION = YES;
				CLANG_WARN_INFINITE_RECURSION = YES;
				CLANG_WARN_INT_CONVERSION = YES;
				CLANG_WARN_NON_LITERAL_NULL_CONVERSION = YES;
				CLANG_WARN_OBJC_IMPLICIT_RETAIN_SELF = YES;
				CLANG_WARN_OBJC_LITERAL_CONVERSION = YES;
				CLANG_WARN_OBJC_ROOT_CLASS = YES_ERROR;
				CLANG_WARN_QUOTED_INCLUDE_IN_FRAMEWORK_HEADER = YES;
				CLANG_WARN_RANGE_LOOP_ANALYSIS = YES;
				CLANG_WARN_STRICT_PROTOTYPES = YES;
				CLANG_WARN_SUSPICIOUS_MOVE = YES;
				CLANG_WARN_UNGUARDED_AVAILABILITY = YES_AGGRESSIVE;
				CLANG_WARN_UNREACHABLE_CODE = YES;
				CLANG_WARN__DUPLICATE_METHOD_MATCH = YES;
				COPY_PHASE_STRIP = NO;
				DEBUG_INFORMATION_FORMAT = "dwarf-with-dsym";
				ENABLE_NS_ASSERTIONS = NO;
				ENABLE_STRICT_OBJC_MSGSEND = YES;
				GCC_C_LANGUAGE_STANDARD = gnu11;
				GCC_NO_COMMON_BLOCKS = YES;
				GCC_WARN_64_TO_32_BIT_CONVERSION = YES;
				GCC_WARN_ABOUT_RETURN_TYPE = YES_ERROR;
				GCC_WARN_UNDECLARED_SELECTOR = YES;
				GCC_WARN_UNINITIALIZED_AUTOS = YES_AGGRESSIVE;
				GCC_WARN_UNUSED_FUNCTION = YES;
				GCC_WARN_UNUSED_VARIABLE = YES;
				IPHONEOS_DEPLOYMENT_TARGET = 14.1;
				MTL_ENABLE_DEBUG_INFO = NO;
				MTL_FAST_MATH = YES;
				SDKROOT = iphoneos;
				SWIFT_COMPILATION_MODE = wholemodule;
				SWIFT_OPTIMIZATION_LEVEL = "-O";
				VALIDATE_PRODUCT = YES;
			};
			name = Release;
		};
		79F461812AD681830092923B /* Debug */ = {
			isa = XCBuildConfiguration;
			buildSettings = {
				ASSETCATALOG_COMPILER_APPICON_NAME = AppIcon;
				ASSETCATALOG_COMPILER_GLOBAL_ACCENT_COLOR_NAME = AccentColor;
				CODE_SIGN_STYLE = Automatic;
				INFOPLIST_FILE = "Juego de memoria/Info.plist";
				LD_RUNPATH_SEARCH_PATHS = (
					"$(inherited)",
					"@executable_path/Frameworks",
				);
				PRODUCT_BUNDLE_IDENTIFIER = "com.manu.Juego-de-memoria";
				PRODUCT_NAME = "$(TARGET_NAME)";
				SWIFT_VERSION = 5.0;
				TARGETED_DEVICE_FAMILY = "1,2";
			};
			name = Debug;
		};
		79F461822AD681830092923B /* Release */ = {
			isa = XCBuildConfiguration;
			buildSettings = {
				ASSETCATALOG_COMPILER_APPICON_NAME = AppIcon;
				ASSETCATALOG_COMPILER_GLOBAL_ACCENT_COLOR_NAME = AccentColor;
				CODE_SIGN_STYLE = Automatic;
				INFOPLIST_FILE = "Juego de memoria/Info.plist";
				LD_RUNPATH_SEARCH_PATHS = (
					"$(inherited)",
					"@executable_path/Frameworks",
				);
				PRODUCT_BUNDLE_IDENTIFIER = "com.manu.Juego-de-memoria";
				PRODUCT_NAME = "$(TARGET_NAME)";
				SWIFT_VERSION = 5.0;
				TARGETED_DEVICE_FAMILY = "1,2";
			};
			name = Release;
		};
/* End XCBuildConfiguration section */

/* Begin XCConfigurationList section */
		79F461672AD681820092923B /* Build configuration list for PBXProject "Juego de memoria" */ = {
			isa = XCConfigurationList;
			buildConfigurations = (
				79F4617E2AD681830092923B /* Debug */,
				79F4617F2AD681830092923B /* Release */,
			);
			defaultConfigurationIsVisible = 0;
			defaultConfigurationName = Release;
		};
		79F461802AD681830092923B /* Build configuration list for PBXNativeTarget "Juego de memoria" */ = {
			isa = XCConfigurationList;
			buildConfigurations = (
				79F461812AD681830092923B /* Debug */,
				79F461822AD681830092923B /* Release */,
			);
			defaultConfigurationIsVisible = 0;
			defaultConfigurationName = Release;
		};
/* End XCConfigurationList section */
	};
	rootObject = 79F461642AD681820092923B /* Project object */;
}
